// !$*UTF8*$!
{
	archiveVersion = 1;
	classes = {
	};
	objectVersion = 55;
	objects = {

/* Begin PBXBuildFile section */
		56175EE627FDC71E00E8A934 /* AppDelegate.swift in Sources */ = {isa = PBXBuildFile; fileRef = 56175EE527FDC71E00E8A934 /* AppDelegate.swift */; };
		56175EE827FDC71E00E8A934 /* SceneDelegate.swift in Sources */ = {isa = PBXBuildFile; fileRef = 56175EE727FDC71E00E8A934 /* SceneDelegate.swift */; };
		56175EEA27FDC71E00E8A934 /* ViewController.swift in Sources */ = {isa = PBXBuildFile; fileRef = 56175EE927FDC71E00E8A934 /* ViewController.swift */; };
		56175EED27FDC71E00E8A934 /* Main.storyboard in Resources */ = {isa = PBXBuildFile; fileRef = 56175EEB27FDC71E00E8A934 /* Main.storyboard */; };
		56175EF027FDC71E00E8A934 /* ExpandCollectionView.xcdatamodeld in Sources */ = {isa = PBXBuildFile; fileRef = 56175EEE27FDC71E00E8A934 /* ExpandCollectionView.xcdatamodeld */; };
		56175EF227FDC71F00E8A934 /* Assets.xcassets in Resources */ = {isa = PBXBuildFile; fileRef = 56175EF127FDC71F00E8A934 /* Assets.xcassets */; };
		56175EF527FDC71F00E8A934 /* LaunchScreen.storyboard in Resources */ = {isa = PBXBuildFile; fileRef = 56175EF327FDC71F00E8A934 /* LaunchScreen.storyboard */; };
/* End PBXBuildFile section */

/* Begin PBXFileReference section */
		56175EE227FDC71E00E8A934 /* ExpandCollectionView.app */ = {isa = PBXFileReference; explicitFileType = wrapper.application; includeInIndex = 0; path = ExpandCollectionView.app; sourceTree = BUILT_PRODUCTS_DIR; };
		56175EE527FDC71E00E8A934 /* AppDelegate.swift */ = {isa = PBXFileReference; lastKnownFileType = sourcecode.swift; path = AppDelegate.swift; sourceTree = "<group>"; };
		56175EE727FDC71E00E8A934 /* SceneDelegate.swift */ = {isa = PBXFileReference; lastKnownFileType = sourcecode.swift; path = SceneDelegate.swift; sourceTree = "<group>"; };
		56175EE927FDC71E00E8A934 /* ViewController.swift */ = {isa = PBXFileReference; lastKnownFileType = sourcecode.swift; path = ViewController.swift; sourceTree = "<group>"; };
		56175EEC27FDC71E00E8A934 /* Base */ = {isa = PBXFileReference; lastKnownFileType = file.storyboard; name = Base; path = Base.lproj/Main.storyboard; sourceTree = "<group>"; };
		56175EEF27FDC71E00E8A934 /* ExpandCollectionView.xcdatamodel */ = {isa = PBXFileReference; lastKnownFileType = wrapper.xcdatamodel; path = ExpandCollectionView.xcdatamodel; sourceTree = "<group>"; };
		56175EF127FDC71F00E8A934 /* Assets.xcassets */ = {isa = PBXFileReference; lastKnownFileType = folder.assetcatalog; path = Assets.xcassets; sourceTree = "<group>"; };
		56175EF427FDC71F00E8A934 /* Base */ = {isa = PBXFileReference; lastKnownFileType = file.storyboard; name = Base; path = Base.lproj/LaunchScreen.storyboard; sourceTree = "<group>"; };
		56175EF627FDC71F00E8A934 /* Info.plist */ = {isa = PBXFileReference; lastKnownFileType = text.plist.xml; path = Info.plist; sourceTree = "<group>"; };
/* End PBXFileReference section */

/* Begin PBXFrameworksBuildPhase section */
		56175EDF27FDC71E00E8A934 /* Frameworks */ = {
			isa = PBXFrameworksBuildPhase;
			buildActionMask = 2147483647;
			files = (
			);
			runOnlyForDeploymentPostprocessing = 0;
		};
/* End PBXFrameworksBuildPhase section */

/* Begin PBXGroup section */
		56175ED927FDC71E00E8A934 = {
			isa = PBXGroup;
			children = (
				56175EE427FDC71E00E8A934 /* ExpandCollectionView */,
				56175EE327FDC71E00E8A934 /* Products */,
			);
			sourceTree = "<group>";
		};
		56175EE327FDC71E00E8A934 /* Products */ = {
			isa = PBXGroup;
			children = (
				56175EE227FDC71E00E8A934 /* ExpandCollectionView.app */,
			);
			name = Products;
			sourceTree = "<group>";
		};
		56175EE427FDC71E00E8A934 /* ExpandCollectionView */ = {
			isa = PBXGroup;
			children = (
				56175EE527FDC71E00E8A934 /* AppDelegate.swift */,
				56175EE727FDC71E00E8A934 /* SceneDelegate.swift */,
				56175EE927FDC71E00E8A934 /* ViewController.swift */,
				56175EEB27FDC71E00E8A934 /* Main.storyboard */,
				56175EF127FDC71F00E8A934 /* Assets.xcassets */,
				56175EF327FDC71F00E8A934 /* LaunchScreen.storyboard */,
				56175EF627FDC71F00E8A934 /* Info.plist */,
				56175EEE27FDC71E00E8A934 /* ExpandCollectionView.xcdatamodeld */,
			);
			path = ExpandCollectionView;
			sourceTree = "<group>";
		};
/* End PBXGroup section */

/* Begin PBXNativeTarget section */
		56175EE127FDC71E00E8A934 /* ExpandCollectionView */ = {
			isa = PBXNativeTarget;
			buildConfigurationList = 56175EF927FDC71F00E8A934 /* Build configuration list for PBXNativeTarget "ExpandCollectionView" */;
			buildPhases = (
				56175EDE27FDC71E00E8A934 /* Sources */,
				56175EDF27FDC71E00E8A934 /* Frameworks */,
				56175EE027FDC71E00E8A934 /* Resources */,
			);
			buildRules = (
			);
			dependencies = (
			);
			name = ExpandCollectionView;
			productName = ExpandCollectionView;
			productReference = 56175EE227FDC71E00E8A934 /* ExpandCollectionView.app */;
			productType = "com.apple.product-type.application";
		};
/* End PBXNativeTarget section */

/* Begin PBXProject section */
		56175EDA27FDC71E00E8A934 /* Project object */ = {
			isa = PBXProject;
			attributes = {
				BuildIndependentTargetsInParallel = 1;
				LastSwiftUpdateCheck = 1320;
				LastUpgradeCheck = 1320;
				TargetAttributes = {
					56175EE127FDC71E00E8A934 = {
						CreatedOnToolsVersion = 13.2.1;
					};
				};
			};
			buildConfigurationList = 56175EDD27FDC71E00E8A934 /* Build configuration list for PBXProject "ExpandCollectionView" */;
			compatibilityVersion = "Xcode 13.0";
			developmentRegion = en;
			hasScannedForEncodings = 0;
			knownRegions = (
				en,
				Base,
			);
			mainGroup = 56175ED927FDC71E00E8A934;
			productRefGroup = 56175EE327FDC71E00E8A934 /* Products */;
			projectDirPath = "";
			projectRoot = "";
			targets = (
				56175EE127FDC71E00E8A934 /* ExpandCollectionView */,
			);
		};
/* End PBXProject section */

/* Begin PBXResourcesBuildPhase section */
		56175EE027FDC71E00E8A934 /* Resources */ = {
			isa = PBXResourcesBuildPhase;
			buildActionMask = 2147483647;
			files = (
				56175EF527FDC71F00E8A934 /* LaunchScreen.storyboard in Resources */,
				56175EF227FDC71F00E8A934 /* Assets.xcassets in Resources */,
				56175EED27FDC71E00E8A934 /* Main.storyboard in Resources */,
			);
			runOnlyForDeploymentPostprocessing = 0;
		};
/* End PBXResourcesBuildPhase section */

/* Begin PBXSourcesBuildPhase section */
		56175EDE27FDC71E00E8A934 /* Sources */ = {
			isa = PBXSourcesBuildPhase;
			buildActionMask = 2147483647;
			files = (
				56175EF027FDC71E00E8A934 /* ExpandCollectionView.xcdatamodeld in Sources */,
				56175EEA27FDC71E00E8A934 /* ViewController.swift in Sources */,
				56175EE627FDC71E00E8A934 /* AppDelegate.swift in Sources */,
				56175EE827FDC71E00E8A934 /* SceneDelegate.swift in Sources */,
			);
			runOnlyForDeploymentPostprocessing = 0;
		};
/* End PBXSourcesBuildPhase section */

/* Begin PBXVariantGroup section */
		56175EEB27FDC71E00E8A934 /* Main.storyboard */ = {
			isa = PBXVariantGroup;
			children = (
				56175EEC27FDC71E00E8A934 /* Base */,
			);
			name = Main.storyboard;
			sourceTree = "<group>";
		};
		56175EF327FDC71F00E8A934 /* LaunchScreen.storyboard */ = {
			isa = PBXVariantGroup;
			children = (
				56175EF427FDC71F00E8A934 /* Base */,
			);
			name = LaunchScreen.storyboard;
			sourceTree = "<group>";
		};
/* End PBXVariantGroup section */

/* Begin XCBuildConfiguration section */
		56175EF727FDC71F00E8A934 /* Debug */ = {
			isa = XCBuildConfiguration;
			buildSettings = {
				ALWAYS_SEARCH_USER_PATHS = NO;
				CLANG_ANALYZER_NONNULL = YES;
				CLANG_ANALYZER_NUMBER_OBJECT_CONVERSION = YES_AGGRESSIVE;
				CLANG_CXX_LANGUAGE_STANDARD = "gnu++17";
				CLANG_CXX_LIBRARY = "libc++";
				CLANG_ENABLE_MODULES = YES;
				CLANG_ENABLE_OBJC_ARC = YES;
				CLANG_ENABLE_OBJC_WEAK = YES;
				CLANG_WARN_BLOCK_CAPTURE_AUTORELEASING = YES;
				CLANG_WARN_BOOL_CONVERSION = YES;
				CLANG_WARN_COMMA = YES;
				CLANG_WARN_CONSTANT_CONVERSION = YES;
				CLANG_WARN_DEPRECATED_OBJC_IMPLEMENTATIONS = YES;
				CLANG_WARN_DIRECT_OBJC_ISA_USAGE = YES_ERROR;
				CLANG_WARN_DOCUMENTATION_COMMENTS = YES;
				CLANG_WARN_EMPTY_BODY = YES;
				CLANG_WARN_ENUM_CONVERSION = YES;
				CLANG_WARN_INFINITE_RECURSION = YES;
				CLANG_WARN_INT_CONVERSION = YES;
				CLANG_WARN_NON_LITERAL_NULL_CONVERSION = YES;
				CLANG_WARN_OBJC_IMPLICIT_RETAIN_SELF = YES;
				CLANG_WARN_OBJC_LITERAL_CONVERSION = YES;
				CLANG_WARN_OBJC_ROOT_CLASS = YES_ERROR;
				CLANG_WARN_QUOTED_INCLUDE_IN_FRAMEWORK_HEADER = YES;
				CLANG_WARN_RANGE_LOOP_ANALYSIS = YES;
				CLANG_WARN_STRICT_PROTOTYPES = YES;
				CLANG_WARN_SUSPICIOUS_MOVE = YES;
				CLANG_WARN_UNGUARDED_AVAILABILITY = YES_AGGRESSIVE;
				CLANG_WARN_UNREACHABLE_CODE = YES;
				CLANG_WARN__DUPLICATE_METHOD_MATCH = YES;
				COPY_PHASE_STRIP = NO;
				DEBUG_INFORMATION_FORMAT = dwarf;
				ENABLE_STRICT_OBJC_MSGSEND = YES;
				ENABLE_TESTABILITY = YES;
				GCC_C_LANGUAGE_STANDARD = gnu11;
				GCC_DYNAMIC_NO_PIC = NO;
				GCC_NO_COMMON_BLOCKS = YES;
				GCC_OPTIMIZATION_LEVEL = 0;
				GCC_PREPROCESSOR_DEFINITIONS = (
					"DEBUG=1",
					"$(inherited)",
				);
				GCC_WARN_64_TO_32_BIT_CONVERSION = YES;
				GCC_WARN_ABOUT_RETURN_TYPE = YES_ERROR;
				GCC_WARN_UNDECLARED_SELECTOR = YES;
				GCC_WARN_UNINITIALIZED_AUTOS = YES_AGGRESSIVE;
				GCC_WARN_UNUSED_FUNCTION = YES;
				GCC_WARN_UNUSED_VARIABLE = YES;
				IPHONEOS_DEPLOYMENT_TARGET = 15.2;
				MTL_ENABLE_DEBUG_INFO = INCLUDE_SOURCE;
				MTL_FAST_MATH = YES;
				ONLY_ACTIVE_ARCH = YES;
				SDKROOT = iphoneos;
				SWIFT_ACTIVE_COMPILATION_CONDITIONS = DEBUG;
				SWIFT_OPTIMIZATION_LEVEL = "-Onone";
			};
			name = Debug;
		};
		56175EF827FDC71F00E8A934 /* Release */ = {
			isa = XCBuildConfiguration;
			buildSettings = {
				ALWAYS_SEARCH_USER_PATHS = NO;
				CLANG_ANALYZER_NONNULL = YES;
				CLANG_ANALYZER_NUMBER_OBJECT_CONVERSION = YES_AGGRESSIVE;
				CLANG_CXX_LANGUAGE_STANDARD = "gnu++17";
				CLANG_CXX_LIBRARY = "libc++";
				CLANG_ENABLE_MODULES = YES;
				CLANG_ENABLE_OBJC_ARC = YES;
				CLANG_ENABLE_OBJC_WEAK = YES;
				CLANG_WARN_BLOCK_CAPTURE_AUTORELEASING = YES;
				CLANG_WARN_BOOL_CONVERSION = YES;
				CLANG_WARN_COMMA = YES;
				CLANG_WARN_CONSTANT_CONVERSION = YES;
				CLANG_WARN_DEPRECATED_OBJC_IMPLEMENTATIONS = YES;
				CLANG_WARN_DIRECT_OBJC_ISA_USAGE = YES_ERROR;
				CLANG_WARN_DOCUMENTATION_COMMENTS = YES;
				CLANG_WARN_EMPTY_BODY = YES;
				CLANG_WARN_ENUM_CONVERSION = YES;
				CLANG_WARN_INFINITE_RECURSION = YES;
				CLANG_WARN_INT_CONVERSION = YES;
				CLANG_WARN_NON_LITERAL_NULL_CONVERSION = YES;
				CLANG_WARN_OBJC_IMPLICIT_RETAIN_SELF = YES;
				CLANG_WARN_OBJC_LITERAL_CONVERSION = YES;
				CLANG_WARN_OBJC_ROOT_CLASS = YES_ERROR;
				CLANG_WARN_QUOTED_INCLUDE_IN_FRAMEWORK_HEADER = YES;
				CLANG_WARN_RANGE_LOOP_ANALYSIS = YES;
				CLANG_WARN_STRICT_PROTOTYPES = YES;
				CLANG_WARN_SUSPICIOUS_MOVE = YES;
				CLANG_WARN_UNGUARDED_AVAILABILITY = YES_AGGRESSIVE;
				CLANG_WARN_UNREACHABLE_CODE = YES;
				CLANG_WARN__DUPLICATE_METHOD_MATCH = YES;
				COPY_PHASE_STRIP = NO;
				DEBUG_INFORMATION_FORMAT = "dwarf-with-dsym";
				ENABLE_NS_ASSERTIONS = NO;
				ENABLE_STRICT_OBJC_MSGSEND = YES;
				GCC_C_LANGUAGE_STANDARD = gnu11;
				GCC_NO_COMMON_BLOCKS = YES;
				GCC_WARN_64_TO_32_BIT_CONVERSION = YES;
				GCC_WARN_ABOUT_RETURN_TYPE = YES_ERROR;
				GCC_WARN_UNDECLARED_SELECTOR = YES;
				GCC_WARN_UNINITIALIZED_AUTOS = YES_AGGRESSIVE;
				GCC_WARN_UNUSED_FUNCTION = YES;
				GCC_WARN_UNUSED_VARIABLE = YES;
				IPHONEOS_DEPLOYMENT_TARGET = 15.2;
				MTL_ENABLE_DEBUG_INFO = NO;
				MTL_FAST_MATH = YES;
				SDKROOT = iphoneos;
				SWIFT_COMPILATION_MODE = wholemodule;
				SWIFT_OPTIMIZATION_LEVEL = "-O";
				VALIDATE_PRODUCT = YES;
			};
			name = Release;
		};
		56175EFA27FDC71F00E8A934 /* Debug */ = {
			isa = XCBuildConfiguration;
			buildSettings = {
				ASSETCATALOG_COMPILER_APPICON_NAME = AppIcon;
				ASSETCATALOG_COMPILER_GLOBAL_ACCENT_COLOR_NAME = AccentColor;
				CODE_SIGN_STYLE = Automatic;
				CURRENT_PROJECT_VERSION = 1;
				DEVELOPMENT_TEAM = MR9G36Q956;
				GENERATE_INFOPLIST_FILE = YES;
				INFOPLIST_FILE = ExpandCollectionView/Info.plist;
				INFOPLIST_KEY_UIApplicationSupportsIndirectInputEvents = YES;
				INFOPLIST_KEY_UILaunchStoryboardName = LaunchScreen;
				INFOPLIST_KEY_UIMainStoryboardFile = Main;
				INFOPLIST_KEY_UISupportedInterfaceOrientations_iPad = "UIInterfaceOrientationPortrait UIInterfaceOrientationPortraitUpsideDown UIInterfaceOrientationLandscapeLeft UIInterfaceOrientationLandscapeRight";
				INFOPLIST_KEY_UISupportedInterfaceOrientations_iPhone = "UIInterfaceOrientationPortrait UIInterfaceOrientationLandscapeLeft UIInterfaceOrientationLandscapeRight";
				LD_RUNPATH_SEARCH_PATHS = (
					"$(inherited)",
					"@executable_path/Frameworks",
				);
				MARKETING_VERSION = 1.0;
				PRODUCT_BUNDLE_IDENTIFIER = Tsai.ExpandCollectionView;
				PRODUCT_NAME = "$(TARGET_NAME)";
				SWIFT_EMIT_LOC_STRINGS = YES;
				SWIFT_VERSION = 5.0;
				TARGETED_DEVICE_FAMILY = "1,2";
			};
			name = Debug;
		};
		56175EFB27FDC71F00E8A934 /* Release */ = {
			isa = XCBuildConfiguration;
			buildSettings = {
				ASSETCATALOG_COMPILER_APPICON_NAME = AppIcon;
				ASSETCATALOG_COMPILER_GLOBAL_ACCENT_COLOR_NAME = AccentColor;
				CODE_SIGN_STYLE = Automatic;
				CURRENT_PROJECT_VERSION = 1;
				DEVELOPMENT_TEAM = MR9G36Q956;
				GENERATE_INFOPLIST_FILE = YES;
				INFOPLIST_FILE = ExpandCollectionView/Info.plist;
				INFOPLIST_KEY_UIApplicationSupportsIndirectInputEvents = YES;
				INFOPLIST_KEY_UILaunchStoryboardName = LaunchScreen;
				INFOPLIST_KEY_UIMainStoryboardFile = Main;
				INFOPLIST_KEY_UISupportedInterfaceOrientations_iPad = "UIInterfaceOrientationPortrait UIInterfaceOrientationPortraitUpsideDown UIInterfaceOrientationLandscapeLeft UIInterfaceOrientationLandscapeRight";
				INFOPLIST_KEY_UISupportedInterfaceOrientations_iPhone = "UIInterfaceOrientationPortrait UIInterfaceOrientationLandscapeLeft UIInterfaceOrientationLandscapeRight";
				LD_RUNPATH_SEARCH_PATHS = (
					"$(inherited)",
					"@executable_path/Frameworks",
				);
				MARKETING_VERSION = 1.0;
				PRODUCT_BUNDLE_IDENTIFIER = Tsai.ExpandCollectionView;
				PRODUCT_NAME = "$(TARGET_NAME)";
				SWIFT_EMIT_LOC_STRINGS = YES;
				SWIFT_VERSION = 5.0;
				TARGETED_DEVICE_FAMILY = "1,2";
			};
			name = Release;
		};
/* End XCBuildConfiguration section */

/* Begin XCConfigurationList section */
		56175EDD27FDC71E00E8A934 /* Build configuration list for PBXProject "ExpandCollectionView" */ = {
			isa = XCConfigurationList;
			buildConfigurations = (
				56175EF727FDC71F00E8A934 /* Debug */,
				56175EF827FDC71F00E8A934 /* Release */,
			);
			defaultConfigurationIsVisible = 0;
			defaultConfigurationName = Release;
		};
		56175EF927FDC71F00E8A934 /* Build configuration list for PBXNativeTarget "ExpandCollectionView" */ = {
			isa = XCConfigurationList;
			buildConfigurations = (
				56175EFA27FDC71F00E8A934 /* Debug */,
				56175EFB27FDC71F00E8A934 /* Release */,
			);
			defaultConfigurationIsVisible = 0;
			defaultConfigurationName = Release;
		};
/* End XCConfigurationList section */

/* Begin XCVersionGroup section */
		56175EEE27FDC71E00E8A934 /* ExpandCollectionView.xcdatamodeld */ = {
			isa = XCVersionGroup;
			children = (
				56175EEF27FDC71E00E8A934 /* ExpandCollectionView.xcdatamodel */,
			);
			currentVersion = 56175EEF27FDC71E00E8A934 /* ExpandCollectionView.xcdatamodel */;
			path = ExpandCollectionView.xcdatamodeld;
			sourceTree = "<group>";
			versionGroupType = wrapper.xcdatamodel;
		};
/* End XCVersionGroup section */
	};
	rootObject = 56175EDA27FDC71E00E8A934 /* Project object */;
}
